{
  "name": "webpage-summarizer",
  "version": "1.0.0",
  "lockfileVersion": 3,
  "requires": true,
  "packages": {
    "": {
      "name": "webpage-summarizer",
      "version": "1.0.0",
      "license": "MIT",
      "devDependencies": {
        "@types/google-apps-script": "^1.0.65",
        "dayjs": "^1.11.9",
        "typescript": "^5.1.6"
      }
    },
    "node_modules/@types/google-apps-script": {
      "version": "1.0.65",
      "resolved": "https://registry.npmjs.org/@types/google-apps-script/-/google-apps-script-1.0.65.tgz",
      "integrity": "sha512-xv42geDxlc+mhFqACkHPVnU+isJxJGP+Eu3Z/wn2AMO11y123Ls2BybaGCijTPxznO4JL8Fzyejw637hbP/hxw==",
      "dev": true
    },
    "node_modules/dayjs": {
      "version": "1.11.9",
      "resolved": "https://registry.npmjs.org/dayjs/-/dayjs-1.11.9.tgz",
      "integrity": "sha512-QvzAURSbQ0pKdIye2txOzNaHmxtUBXerpY0FJsFXUMKbIZeFm5ht1LS/jFsrncjnmtv8HsG0W2g6c0zUjZWmpA==",
      "dev": true
    },
    "node_modules/typescript": {
      "version": "5.1.6",
      "resolved": "https://registry.npmjs.org/typescript/-/typescript-5.1.6.tgz",
      "integrity": "sha512-zaWCozRZ6DLEWAWFrVDz1H6FVXzUSfTy5FUMWsQlU8Ym5JP9eO4xkTIROFCQvhQf61z6O/G6ugw3SgAnvvm+HA==",
      "dev": true,
      "bin": {
        "tsc": "bin/tsc",
        "tsserver": "bin/tsserver"
      },
      "engines": {
        "node": ">=14.17"
      }
    }
  }
}
